// !$*UTF8*$!
{
	archiveVersion = 1;
	classes = {
	};
	objectVersion = 46;
	objects = {

/* Begin PBXBuildFile section */
		22B57D9CCB777BB234FC78E3 /* Pods_reperecipeUITests.framework in Frameworks */ = {isa = PBXBuildFile; fileRef = EFAB004A68D8428D639AFB90 /* Pods_reperecipeUITests.framework */; };
		487C8BAE1F3E735BD080A23D /* Pods_reperecipeTests.framework in Frameworks */ = {isa = PBXBuildFile; fileRef = DD18EF0EE96F0D2DBC819316 /* Pods_reperecipeTests.framework */; };
		490792431D2E213900C15B3E /* AddRecipeModalViewController.swift in Sources */ = {isa = PBXBuildFile; fileRef = 490792421D2E213900C15B3E /* AddRecipeModalViewController.swift */; };
		4907924C1D2E83D800C15B3E /* MyRecipeRepository.swift in Sources */ = {isa = PBXBuildFile; fileRef = 4907924B1D2E83D800C15B3E /* MyRecipeRepository.swift */; };
		4907924E1D2F9F2E00C15B3E /* IntroductionViewController.swift in Sources */ = {isa = PBXBuildFile; fileRef = 4907924D1D2F9F2E00C15B3E /* IntroductionViewController.swift */; };
		490792501D2FA0C300C15B3E /* IntroductionCell.swift in Sources */ = {isa = PBXBuildFile; fileRef = 4907924F1D2FA0C300C15B3E /* IntroductionCell.swift */; };
		490792911D309C5900C15B3E /* Main.storyboard in Resources */ = {isa = PBXBuildFile; fileRef = 4907928F1D309C5900C15B3E /* Main.storyboard */; };
		490792931D30EA1F00C15B3E /* RefrigeratorRepository.swift in Sources */ = {isa = PBXBuildFile; fileRef = 490792921D30EA1F00C15B3E /* RefrigeratorRepository.swift */; };
		490792951D30EA9B00C15B3E /* Ingredient.swift in Sources */ = {isa = PBXBuildFile; fileRef = 490792941D30EA9B00C15B3E /* Ingredient.swift */; };
		490792991D336C9E00C15B3E /* EditModalViewController.storyboard in Resources */ = {isa = PBXBuildFile; fileRef = 490792981D336C9E00C15B3E /* EditModalViewController.storyboard */; };
		4907929B1D336FA900C15B3E /* EditModalViewController.swift in Sources */ = {isa = PBXBuildFile; fileRef = 4907929A1D336FA900C15B3E /* EditModalViewController.swift */; };
		4907929E1D33BDE800C15B3E /* OverlayPresentaitonConttoller.swift in Sources */ = {isa = PBXBuildFile; fileRef = 4907929D1D33BDE800C15B3E /* OverlayPresentaitonConttoller.swift */; };
		490792A01D33DF0200C15B3E /* EditIngredientsPresentationController.swift in Sources */ = {isa = PBXBuildFile; fileRef = 4907929F1D33DF0200C15B3E /* EditIngredientsPresentationController.swift */; };
		490792A21D34929300C15B3E /* EditIngredientsModalViewController.storyboard in Resources */ = {isa = PBXBuildFile; fileRef = 490792A11D34929300C15B3E /* EditIngredientsModalViewController.storyboard */; };
		490792A41D3498CE00C15B3E /* EditIngredientsModalViewController.swift in Sources */ = {isa = PBXBuildFile; fileRef = 490792A31D3498CE00C15B3E /* EditIngredientsModalViewController.swift */; };
		493EB36B1D3E07F400F6C8CD /* IngredientsCategoryCell.swift in Sources */ = {isa = PBXBuildFile; fileRef = 493EB36A1D3E07F400F6C8CD /* IngredientsCategoryCell.swift */; };
		49422FC11D34C02400849795 /* EditIngredientsModalDataSource.swift in Sources */ = {isa = PBXBuildFile; fileRef = 49422FC01D34C02400849795 /* EditIngredientsModalDataSource.swift */; };
		49422FC31D34C3BA00849795 /* EditIngredientsCell.swift in Sources */ = {isa = PBXBuildFile; fileRef = 49422FC21D34C3BA00849795 /* EditIngredientsCell.swift */; };
		49422FC51D34C42800849795 /* EditIngredientsCell.xib in Resources */ = {isa = PBXBuildFile; fileRef = 49422FC41D34C42800849795 /* EditIngredientsCell.xib */; };
		495101A51D2CB4CB002BDC12 /* RecipeCell.swift in Sources */ = {isa = PBXBuildFile; fileRef = 495101A41D2CB4CB002BDC12 /* RecipeCell.swift */; };
		495101A71D2CE12A002BDC12 /* IngredientCell.swift in Sources */ = {isa = PBXBuildFile; fileRef = 495101A61D2CE12A002BDC12 /* IngredientCell.swift */; };
		495101A91D2CEF6E002BDC12 /* ShoppingPagingViewController.swift in Sources */ = {isa = PBXBuildFile; fileRef = 495101A81D2CEF6E002BDC12 /* ShoppingPagingViewController.swift */; };
		497F21621D38A6B8004A16DF /* RecipeViewModel.swift in Sources */ = {isa = PBXBuildFile; fileRef = 497F21611D38A6B8004A16DF /* RecipeViewModel.swift */; };
		4982D80B1D45D329005E043E /* R.generated.swift in Sources */ = {isa = PBXBuildFile; fileRef = 4982D80A1D45D329005E043E /* R.generated.swift */; };
		4986B2A31D37D8EC00ABE3B2 /* AddRecipeModalViewController.storyboard in Resources */ = {isa = PBXBuildFile; fileRef = 4986B2A21D37D8EC00ABE3B2 /* AddRecipeModalViewController.storyboard */; };
		4989A5701D27F7990079BE50 /* Recipe.swift in Sources */ = {isa = PBXBuildFile; fileRef = 4989A56F1D27F7990079BE50 /* Recipe.swift */; };
		4989A5721D28F5580079BE50 /* ReperecipeColor.swift in Sources */ = {isa = PBXBuildFile; fileRef = 4989A5711D28F5580079BE50 /* ReperecipeColor.swift */; };
		4989A5781D2AA1AE0079BE50 /* MyRecipePagingViewController.swift in Sources */ = {isa = PBXBuildFile; fileRef = 4989A5771D2AA1AE0079BE50 /* MyRecipePagingViewController.swift */; };
		4989A57A1D2AA3EC0079BE50 /* MenuPagingViewController.swift in Sources */ = {isa = PBXBuildFile; fileRef = 4989A5791D2AA3EC0079BE50 /* MenuPagingViewController.swift */; };
		4989A57C1D2AA4990079BE50 /* RefrigeratorPagingViewController.swift in Sources */ = {isa = PBXBuildFile; fileRef = 4989A57B1D2AA4990079BE50 /* RefrigeratorPagingViewController.swift */; };
		4989A57E1D2BA53E0079BE50 /* PagingMenuControllerOptions.swift in Sources */ = {isa = PBXBuildFile; fileRef = 4989A57D1D2BA53E0079BE50 /* PagingMenuControllerOptions.swift */; };
		4989A5801D2BA6ED0079BE50 /* PagingViewController.storyboard in Resources */ = {isa = PBXBuildFile; fileRef = 4989A57F1D2BA6ED0079BE50 /* PagingViewController.storyboard */; };
		4994CFCD1D37803D0026D32B /* MyRecipe.storyboard in Resources */ = {isa = PBXBuildFile; fileRef = 4994CFCC1D37803D0026D32B /* MyRecipe.storyboard */; };
		49D858EB1D1F86A5006D0479 /* AppDelegate.swift in Sources */ = {isa = PBXBuildFile; fileRef = 49D858EA1D1F86A5006D0479 /* AppDelegate.swift */; };
		49D858ED1D1F86A5006D0479 /* ViewController.swift in Sources */ = {isa = PBXBuildFile; fileRef = 49D858EC1D1F86A5006D0479 /* ViewController.swift */; };
		49D858F21D1F86A5006D0479 /* Assets.xcassets in Resources */ = {isa = PBXBuildFile; fileRef = 49D858F11D1F86A5006D0479 /* Assets.xcassets */; };
		49D858F51D1F86A5006D0479 /* LaunchScreen.storyboard in Resources */ = {isa = PBXBuildFile; fileRef = 49D858F31D1F86A5006D0479 /* LaunchScreen.storyboard */; };
		49D859001D1F86A5006D0479 /* reperecipeTests.swift in Sources */ = {isa = PBXBuildFile; fileRef = 49D858FF1D1F86A5006D0479 /* reperecipeTests.swift */; };
		49D8590B1D1F86A5006D0479 /* reperecipeUITests.swift in Sources */ = {isa = PBXBuildFile; fileRef = 49D8590A1D1F86A5006D0479 /* reperecipeUITests.swift */; };
		49DCE1DD1D378335005A3251 /* RecipeDetailViewController.swift in Sources */ = {isa = PBXBuildFile; fileRef = 49DCE1DC1D378335005A3251 /* RecipeDetailViewController.swift */; };
		49DCE1E11D378F2A005A3251 /* IngredientOfRecipeCell.swift in Sources */ = {isa = PBXBuildFile; fileRef = 49DCE1E01D378F2A005A3251 /* IngredientOfRecipeCell.swift */; };
		49E879E01D3673B1003639D5 /* RefrigeratorModel.swift in Sources */ = {isa = PBXBuildFile; fileRef = 49E879DF1D3673B1003639D5 /* RefrigeratorModel.swift */; };
		BDA2ED65EE517BEEA67827D7 /* Pods_reperecipe.framework in Frameworks */ = {isa = PBXBuildFile; fileRef = C0218F264224FEE0A62D9CD4 /* Pods_reperecipe.framework */; };
/* End PBXBuildFile section */

/* Begin PBXContainerItemProxy section */
		49D858FC1D1F86A5006D0479 /* PBXContainerItemProxy */ = {
			isa = PBXContainerItemProxy;
			containerPortal = 49D858DF1D1F86A5006D0479 /* Project object */;
			proxyType = 1;
			remoteGlobalIDString = 49D858E61D1F86A5006D0479;
			remoteInfo = reperecipe;
		};
		49D859071D1F86A5006D0479 /* PBXContainerItemProxy */ = {
			isa = PBXContainerItemProxy;
			containerPortal = 49D858DF1D1F86A5006D0479 /* Project object */;
			proxyType = 1;
			remoteGlobalIDString = 49D858E61D1F86A5006D0479;
			remoteInfo = reperecipe;
		};
/* End PBXContainerItemProxy section */

/* Begin PBXFileReference section */
		01E73142310325E034143088 /* Pods-reperecipe.debug.xcconfig */ = {isa = PBXFileReference; includeInIndex = 1; lastKnownFileType = text.xcconfig; name = "Pods-reperecipe.debug.xcconfig"; path = "Pods/Target Support Files/Pods-reperecipe/Pods-reperecipe.debug.xcconfig"; sourceTree = "<group>"; };
		2A92A3A5FDEAFF8571F035E7 /* Pods-reperecipeTests.debug.xcconfig */ = {isa = PBXFileReference; includeInIndex = 1; lastKnownFileType = text.xcconfig; name = "Pods-reperecipeTests.debug.xcconfig"; path = "Pods/Target Support Files/Pods-reperecipeTests/Pods-reperecipeTests.debug.xcconfig"; sourceTree = "<group>"; };
		30D5026BA3169A798508A9B3 /* Pods-reperecipe.release.xcconfig */ = {isa = PBXFileReference; includeInIndex = 1; lastKnownFileType = text.xcconfig; name = "Pods-reperecipe.release.xcconfig"; path = "Pods/Target Support Files/Pods-reperecipe/Pods-reperecipe.release.xcconfig"; sourceTree = "<group>"; };
		490792421D2E213900C15B3E /* AddRecipeModalViewController.swift */ = {isa = PBXFileReference; fileEncoding = 4; lastKnownFileType = sourcecode.swift; path = AddRecipeModalViewController.swift; sourceTree = "<group>"; };
		4907924B1D2E83D800C15B3E /* MyRecipeRepository.swift */ = {isa = PBXFileReference; fileEncoding = 4; lastKnownFileType = sourcecode.swift; path = MyRecipeRepository.swift; sourceTree = "<group>"; };
		4907924D1D2F9F2E00C15B3E /* IntroductionViewController.swift */ = {isa = PBXFileReference; fileEncoding = 4; lastKnownFileType = sourcecode.swift; path = IntroductionViewController.swift; sourceTree = "<group>"; };
		4907924F1D2FA0C300C15B3E /* IntroductionCell.swift */ = {isa = PBXFileReference; fileEncoding = 4; lastKnownFileType = sourcecode.swift; path = IntroductionCell.swift; sourceTree = "<group>"; };
		490792901D309C5900C15B3E /* Base */ = {isa = PBXFileReference; lastKnownFileType = file.storyboard; name = Base; path = Base.lproj/Main.storyboard; sourceTree = "<group>"; };
		490792921D30EA1F00C15B3E /* RefrigeratorRepository.swift */ = {isa = PBXFileReference; fileEncoding = 4; lastKnownFileType = sourcecode.swift; path = RefrigeratorRepository.swift; sourceTree = "<group>"; };
		490792941D30EA9B00C15B3E /* Ingredient.swift */ = {isa = PBXFileReference; fileEncoding = 4; lastKnownFileType = sourcecode.swift; path = Ingredient.swift; sourceTree = "<group>"; };
		490792981D336C9E00C15B3E /* EditModalViewController.storyboard */ = {isa = PBXFileReference; fileEncoding = 4; lastKnownFileType = file.storyboard; path = EditModalViewController.storyboard; sourceTree = "<group>"; };
		4907929A1D336FA900C15B3E /* EditModalViewController.swift */ = {isa = PBXFileReference; fileEncoding = 4; lastKnownFileType = sourcecode.swift; path = EditModalViewController.swift; sourceTree = "<group>"; };
		4907929D1D33BDE800C15B3E /* OverlayPresentaitonConttoller.swift */ = {isa = PBXFileReference; fileEncoding = 4; lastKnownFileType = sourcecode.swift; path = OverlayPresentaitonConttoller.swift; sourceTree = "<group>"; };
		4907929F1D33DF0200C15B3E /* EditIngredientsPresentationController.swift */ = {isa = PBXFileReference; fileEncoding = 4; lastKnownFileType = sourcecode.swift; path = EditIngredientsPresentationController.swift; sourceTree = "<group>"; };
		490792A11D34929300C15B3E /* EditIngredientsModalViewController.storyboard */ = {isa = PBXFileReference; fileEncoding = 4; lastKnownFileType = file.storyboard; path = EditIngredientsModalViewController.storyboard; sourceTree = "<group>"; };
		490792A31D3498CE00C15B3E /* EditIngredientsModalViewController.swift */ = {isa = PBXFileReference; fileEncoding = 4; lastKnownFileType = sourcecode.swift; path = EditIngredientsModalViewController.swift; sourceTree = "<group>"; };
		493EB36A1D3E07F400F6C8CD /* IngredientsCategoryCell.swift */ = {isa = PBXFileReference; fileEncoding = 4; lastKnownFileType = sourcecode.swift; path = IngredientsCategoryCell.swift; sourceTree = "<group>"; };
		49422FC01D34C02400849795 /* EditIngredientsModalDataSource.swift */ = {isa = PBXFileReference; fileEncoding = 4; lastKnownFileType = sourcecode.swift; path = EditIngredientsModalDataSource.swift; sourceTree = "<group>"; };
		49422FC21D34C3BA00849795 /* EditIngredientsCell.swift */ = {isa = PBXFileReference; fileEncoding = 4; lastKnownFileType = sourcecode.swift; path = EditIngredientsCell.swift; sourceTree = "<group>"; };
		49422FC41D34C42800849795 /* EditIngredientsCell.xib */ = {isa = PBXFileReference; fileEncoding = 4; lastKnownFileType = file.xib; path = EditIngredientsCell.xib; sourceTree = "<group>"; };
		495101A41D2CB4CB002BDC12 /* RecipeCell.swift */ = {isa = PBXFileReference; fileEncoding = 4; lastKnownFileType = sourcecode.swift; path = RecipeCell.swift; sourceTree = "<group>"; };
		495101A61D2CE12A002BDC12 /* IngredientCell.swift */ = {isa = PBXFileReference; fileEncoding = 4; lastKnownFileType = sourcecode.swift; path = IngredientCell.swift; sourceTree = "<group>"; };
		495101A81D2CEF6E002BDC12 /* ShoppingPagingViewController.swift */ = {isa = PBXFileReference; fileEncoding = 4; lastKnownFileType = sourcecode.swift; path = ShoppingPagingViewController.swift; sourceTree = "<group>"; };
		497F21611D38A6B8004A16DF /* RecipeViewModel.swift */ = {isa = PBXFileReference; fileEncoding = 4; lastKnownFileType = sourcecode.swift; path = RecipeViewModel.swift; sourceTree = "<group>"; };
		4982D80A1D45D329005E043E /* R.generated.swift */ = {isa = PBXFileReference; fileEncoding = 4; lastKnownFileType = sourcecode.swift; path = R.generated.swift; sourceTree = "<group>"; };
		4986B2A21D37D8EC00ABE3B2 /* AddRecipeModalViewController.storyboard */ = {isa = PBXFileReference; fileEncoding = 4; lastKnownFileType = file.storyboard; path = AddRecipeModalViewController.storyboard; sourceTree = "<group>"; };
		4989A56F1D27F7990079BE50 /* Recipe.swift */ = {isa = PBXFileReference; fileEncoding = 4; lastKnownFileType = sourcecode.swift; path = Recipe.swift; sourceTree = "<group>"; };
		4989A5711D28F5580079BE50 /* ReperecipeColor.swift */ = {isa = PBXFileReference; fileEncoding = 4; lastKnownFileType = sourcecode.swift; path = ReperecipeColor.swift; sourceTree = "<group>"; };
		4989A5771D2AA1AE0079BE50 /* MyRecipePagingViewController.swift */ = {isa = PBXFileReference; fileEncoding = 4; lastKnownFileType = sourcecode.swift; path = MyRecipePagingViewController.swift; sourceTree = "<group>"; };
		4989A5791D2AA3EC0079BE50 /* MenuPagingViewController.swift */ = {isa = PBXFileReference; fileEncoding = 4; lastKnownFileType = sourcecode.swift; path = MenuPagingViewController.swift; sourceTree = "<group>"; };
		4989A57B1D2AA4990079BE50 /* RefrigeratorPagingViewController.swift */ = {isa = PBXFileReference; fileEncoding = 4; lastKnownFileType = sourcecode.swift; path = RefrigeratorPagingViewController.swift; sourceTree = "<group>"; };
		4989A57D1D2BA53E0079BE50 /* PagingMenuControllerOptions.swift */ = {isa = PBXFileReference; fileEncoding = 4; lastKnownFileType = sourcecode.swift; path = PagingMenuControllerOptions.swift; sourceTree = "<group>"; };
		4989A57F1D2BA6ED0079BE50 /* PagingViewController.storyboard */ = {isa = PBXFileReference; fileEncoding = 4; lastKnownFileType = file.storyboard; path = PagingViewController.storyboard; sourceTree = "<group>"; };
		4994CFCC1D37803D0026D32B /* MyRecipe.storyboard */ = {isa = PBXFileReference; fileEncoding = 4; lastKnownFileType = file.storyboard; path = MyRecipe.storyboard; sourceTree = "<group>"; };
		49D858E71D1F86A5006D0479 /* reperecipe.app */ = {isa = PBXFileReference; explicitFileType = wrapper.application; includeInIndex = 0; path = reperecipe.app; sourceTree = BUILT_PRODUCTS_DIR; };
		49D858EA1D1F86A5006D0479 /* AppDelegate.swift */ = {isa = PBXFileReference; lastKnownFileType = sourcecode.swift; path = AppDelegate.swift; sourceTree = "<group>"; };
		49D858EC1D1F86A5006D0479 /* ViewController.swift */ = {isa = PBXFileReference; lastKnownFileType = sourcecode.swift; path = ViewController.swift; sourceTree = "<group>"; };
		49D858F11D1F86A5006D0479 /* Assets.xcassets */ = {isa = PBXFileReference; lastKnownFileType = folder.assetcatalog; path = Assets.xcassets; sourceTree = "<group>"; };
		49D858F41D1F86A5006D0479 /* Base */ = {isa = PBXFileReference; lastKnownFileType = file.storyboard; name = Base; path = Base.lproj/LaunchScreen.storyboard; sourceTree = "<group>"; };
		49D858F61D1F86A5006D0479 /* Info.plist */ = {isa = PBXFileReference; lastKnownFileType = text.plist.xml; path = Info.plist; sourceTree = "<group>"; };
		49D858FB1D1F86A5006D0479 /* reperecipeTests.xctest */ = {isa = PBXFileReference; explicitFileType = wrapper.cfbundle; includeInIndex = 0; path = reperecipeTests.xctest; sourceTree = BUILT_PRODUCTS_DIR; };
		49D858FF1D1F86A5006D0479 /* reperecipeTests.swift */ = {isa = PBXFileReference; lastKnownFileType = sourcecode.swift; path = reperecipeTests.swift; sourceTree = "<group>"; };
		49D859011D1F86A5006D0479 /* Info.plist */ = {isa = PBXFileReference; lastKnownFileType = text.plist.xml; path = Info.plist; sourceTree = "<group>"; };
		49D859061D1F86A5006D0479 /* reperecipeUITests.xctest */ = {isa = PBXFileReference; explicitFileType = wrapper.cfbundle; includeInIndex = 0; path = reperecipeUITests.xctest; sourceTree = BUILT_PRODUCTS_DIR; };
		49D8590A1D1F86A5006D0479 /* reperecipeUITests.swift */ = {isa = PBXFileReference; lastKnownFileType = sourcecode.swift; path = reperecipeUITests.swift; sourceTree = "<group>"; };
		49D8590C1D1F86A5006D0479 /* Info.plist */ = {isa = PBXFileReference; lastKnownFileType = text.plist.xml; path = Info.plist; sourceTree = "<group>"; };
		49DCE1DC1D378335005A3251 /* RecipeDetailViewController.swift */ = {isa = PBXFileReference; fileEncoding = 4; lastKnownFileType = sourcecode.swift; path = RecipeDetailViewController.swift; sourceTree = "<group>"; };
		49DCE1E01D378F2A005A3251 /* IngredientOfRecipeCell.swift */ = {isa = PBXFileReference; fileEncoding = 4; lastKnownFileType = sourcecode.swift; path = IngredientOfRecipeCell.swift; sourceTree = "<group>"; };
		49E879DF1D3673B1003639D5 /* RefrigeratorModel.swift */ = {isa = PBXFileReference; fileEncoding = 4; lastKnownFileType = sourcecode.swift; path = RefrigeratorModel.swift; sourceTree = "<group>"; };
		4D735AB123BF3F845D2C6C6C /* Pods-reperecipeUITests.debug.xcconfig */ = {isa = PBXFileReference; includeInIndex = 1; lastKnownFileType = text.xcconfig; name = "Pods-reperecipeUITests.debug.xcconfig"; path = "Pods/Target Support Files/Pods-reperecipeUITests/Pods-reperecipeUITests.debug.xcconfig"; sourceTree = "<group>"; };
		C0218F264224FEE0A62D9CD4 /* Pods_reperecipe.framework */ = {isa = PBXFileReference; explicitFileType = wrapper.framework; includeInIndex = 0; path = Pods_reperecipe.framework; sourceTree = BUILT_PRODUCTS_DIR; };
		CCBD38078700355A42360A1E /* Pods-reperecipeUITests.release.xcconfig */ = {isa = PBXFileReference; includeInIndex = 1; lastKnownFileType = text.xcconfig; name = "Pods-reperecipeUITests.release.xcconfig"; path = "Pods/Target Support Files/Pods-reperecipeUITests/Pods-reperecipeUITests.release.xcconfig"; sourceTree = "<group>"; };
		DD18EF0EE96F0D2DBC819316 /* Pods_reperecipeTests.framework */ = {isa = PBXFileReference; explicitFileType = wrapper.framework; includeInIndex = 0; path = Pods_reperecipeTests.framework; sourceTree = BUILT_PRODUCTS_DIR; };
		E1137561DAF234EA0925961D /* Pods-reperecipeTests.release.xcconfig */ = {isa = PBXFileReference; includeInIndex = 1; lastKnownFileType = text.xcconfig; name = "Pods-reperecipeTests.release.xcconfig"; path = "Pods/Target Support Files/Pods-reperecipeTests/Pods-reperecipeTests.release.xcconfig"; sourceTree = "<group>"; };
		EFAB004A68D8428D639AFB90 /* Pods_reperecipeUITests.framework */ = {isa = PBXFileReference; explicitFileType = wrapper.framework; includeInIndex = 0; path = Pods_reperecipeUITests.framework; sourceTree = BUILT_PRODUCTS_DIR; };
/* End PBXFileReference section */

/* Begin PBXFrameworksBuildPhase section */
		49D858E41D1F86A5006D0479 /* Frameworks */ = {
			isa = PBXFrameworksBuildPhase;
			buildActionMask = 2147483647;
			files = (
				BDA2ED65EE517BEEA67827D7 /* Pods_reperecipe.framework in Frameworks */,
			);
			runOnlyForDeploymentPostprocessing = 0;
		};
		49D858F81D1F86A5006D0479 /* Frameworks */ = {
			isa = PBXFrameworksBuildPhase;
			buildActionMask = 2147483647;
			files = (
				487C8BAE1F3E735BD080A23D /* Pods_reperecipeTests.framework in Frameworks */,
			);
			runOnlyForDeploymentPostprocessing = 0;
		};
		49D859031D1F86A5006D0479 /* Frameworks */ = {
			isa = PBXFrameworksBuildPhase;
			buildActionMask = 2147483647;
			files = (
				22B57D9CCB777BB234FC78E3 /* Pods_reperecipeUITests.framework in Frameworks */,
			);
			runOnlyForDeploymentPostprocessing = 0;
		};
/* End PBXFrameworksBuildPhase section */

/* Begin PBXGroup section */
		490792441D2E45A000C15B3E /* Entities */ = {
			isa = PBXGroup;
			children = (
				4989A56F1D27F7990079BE50 /* Recipe.swift */,
				490792941D30EA9B00C15B3E /* Ingredient.swift */,
			);
			name = Entities;
			sourceTree = "<group>";
		};
		490792491D2E4ADA00C15B3E /* Model */ = {
			isa = PBXGroup;
			children = (
				49E879DF1D3673B1003639D5 /* RefrigeratorModel.swift */,
			);
			name = Model;
			sourceTree = "<group>";
		};
		4907924A1D2E83B200C15B3E /* Repository */ = {
			isa = PBXGroup;
			children = (
				4907924B1D2E83D800C15B3E /* MyRecipeRepository.swift */,
				490792921D30EA1F00C15B3E /* RefrigeratorRepository.swift */,
			);
			name = Repository;
			sourceTree = "<group>";
		};
		4907929C1D33BDA700C15B3E /* Modal */ = {
			isa = PBXGroup;
			children = (
				490792981D336C9E00C15B3E /* EditModalViewController.storyboard */,
				4907929A1D336FA900C15B3E /* EditModalViewController.swift */,
				4907929D1D33BDE800C15B3E /* OverlayPresentaitonConttoller.swift */,
				4907929F1D33DF0200C15B3E /* EditIngredientsPresentationController.swift */,
				490792A11D34929300C15B3E /* EditIngredientsModalViewController.storyboard */,
				490792A31D3498CE00C15B3E /* EditIngredientsModalViewController.swift */,
				49422FC01D34C02400849795 /* EditIngredientsModalDataSource.swift */,
				49422FC21D34C3BA00849795 /* EditIngredientsCell.swift */,
				49422FC41D34C42800849795 /* EditIngredientsCell.xib */,
				490792421D2E213900C15B3E /* AddRecipeModalViewController.swift */,
				4986B2A21D37D8EC00ABE3B2 /* AddRecipeModalViewController.storyboard */,
				493EB36A1D3E07F400F6C8CD /* IngredientsCategoryCell.swift */,
			);
			name = Modal;
			sourceTree = "<group>";
		};
		497F21601D38A68B004A16DF /* ViewModel */ = {
			isa = PBXGroup;
			children = (
				497F21611D38A6B8004A16DF /* RecipeViewModel.swift */,
			);
			name = ViewModel;
			sourceTree = "<group>";
		};
		4986B2A11D37D55400ABE3B2 /* Recipe */ = {
			isa = PBXGroup;
			children = (
				495101A41D2CB4CB002BDC12 /* RecipeCell.swift */,
				4989A5771D2AA1AE0079BE50 /* MyRecipePagingViewController.swift */,
				4994CFCC1D37803D0026D32B /* MyRecipe.storyboard */,
				49DCE1DC1D378335005A3251 /* RecipeDetailViewController.swift */,
			);
			name = Recipe;
			sourceTree = "<group>";
		};
		4989A5731D28F5660079BE50 /* Enums */ = {
			isa = PBXGroup;
			children = (
				4989A5711D28F5580079BE50 /* ReperecipeColor.swift */,
			);
			name = Enums;
			sourceTree = "<group>";
		};
		4989A5741D28F65B0079BE50 /* Controller */ = {
			isa = PBXGroup;
			children = (
				4907929C1D33BDA700C15B3E /* Modal */,
				4986B2A11D37D55400ABE3B2 /* Recipe */,
				495101A61D2CE12A002BDC12 /* IngredientCell.swift */,
				49DCE1E01D378F2A005A3251 /* IngredientOfRecipeCell.swift */,
				4907924F1D2FA0C300C15B3E /* IntroductionCell.swift */,
				495101A81D2CEF6E002BDC12 /* ShoppingPagingViewController.swift */,
				4989A5791D2AA3EC0079BE50 /* MenuPagingViewController.swift */,
				4989A57B1D2AA4990079BE50 /* RefrigeratorPagingViewController.swift */,
				4989A57F1D2BA6ED0079BE50 /* PagingViewController.storyboard */,
				4989A57D1D2BA53E0079BE50 /* PagingMenuControllerOptions.swift */,
				4907924D1D2F9F2E00C15B3E /* IntroductionViewController.swift */,
			);
			name = Controller;
			sourceTree = "<group>";
		};
		49D858DE1D1F86A5006D0479 = {
			isa = PBXGroup;
			children = (
				49D858E91D1F86A5006D0479 /* reperecipe */,
				49D858FE1D1F86A5006D0479 /* reperecipeTests */,
				49D859091D1F86A5006D0479 /* reperecipeUITests */,
				49D858E81D1F86A5006D0479 /* Products */,
				A807C507199716C24BF19E72 /* Pods */,
				9293A3053DA0240D687129E6 /* Frameworks */,
			);
			sourceTree = "<group>";
		};
		49D858E81D1F86A5006D0479 /* Products */ = {
			isa = PBXGroup;
			children = (
				49D858E71D1F86A5006D0479 /* reperecipe.app */,
				49D858FB1D1F86A5006D0479 /* reperecipeTests.xctest */,
				49D859061D1F86A5006D0479 /* reperecipeUITests.xctest */,
			);
			name = Products;
			sourceTree = "<group>";
		};
		49D858E91D1F86A5006D0479 /* reperecipe */ = {
			isa = PBXGroup;
			children = (
				4982D80A1D45D329005E043E /* R.generated.swift */,
				497F21601D38A68B004A16DF /* ViewModel */,
				4907924A1D2E83B200C15B3E /* Repository */,
				490792491D2E4ADA00C15B3E /* Model */,
				490792441D2E45A000C15B3E /* Entities */,
				4989A5731D28F5660079BE50 /* Enums */,
				4989A5741D28F65B0079BE50 /* Controller */,
				49D858EA1D1F86A5006D0479 /* AppDelegate.swift */,
				4907928F1D309C5900C15B3E /* Main.storyboard */,
				49D858EC1D1F86A5006D0479 /* ViewController.swift */,
				49D858F11D1F86A5006D0479 /* Assets.xcassets */,
				49D858F31D1F86A5006D0479 /* LaunchScreen.storyboard */,
				49D858F61D1F86A5006D0479 /* Info.plist */,
			);
			path = reperecipe;
			sourceTree = "<group>";
		};
		49D858FE1D1F86A5006D0479 /* reperecipeTests */ = {
			isa = PBXGroup;
			children = (
				49D858FF1D1F86A5006D0479 /* reperecipeTests.swift */,
				49D859011D1F86A5006D0479 /* Info.plist */,
			);
			path = reperecipeTests;
			sourceTree = "<group>";
		};
		49D859091D1F86A5006D0479 /* reperecipeUITests */ = {
			isa = PBXGroup;
			children = (
				49D8590A1D1F86A5006D0479 /* reperecipeUITests.swift */,
				49D8590C1D1F86A5006D0479 /* Info.plist */,
			);
			path = reperecipeUITests;
			sourceTree = "<group>";
		};
		9293A3053DA0240D687129E6 /* Frameworks */ = {
			isa = PBXGroup;
			children = (
				C0218F264224FEE0A62D9CD4 /* Pods_reperecipe.framework */,
				DD18EF0EE96F0D2DBC819316 /* Pods_reperecipeTests.framework */,
				EFAB004A68D8428D639AFB90 /* Pods_reperecipeUITests.framework */,
			);
			name = Frameworks;
			sourceTree = "<group>";
		};
		A807C507199716C24BF19E72 /* Pods */ = {
			isa = PBXGroup;
			children = (
				01E73142310325E034143088 /* Pods-reperecipe.debug.xcconfig */,
				30D5026BA3169A798508A9B3 /* Pods-reperecipe.release.xcconfig */,
				2A92A3A5FDEAFF8571F035E7 /* Pods-reperecipeTests.debug.xcconfig */,
				E1137561DAF234EA0925961D /* Pods-reperecipeTests.release.xcconfig */,
				4D735AB123BF3F845D2C6C6C /* Pods-reperecipeUITests.debug.xcconfig */,
				CCBD38078700355A42360A1E /* Pods-reperecipeUITests.release.xcconfig */,
			);
			name = Pods;
			sourceTree = "<group>";
		};
/* End PBXGroup section */

/* Begin PBXNativeTarget section */
		49D858E61D1F86A5006D0479 /* reperecipe */ = {
			isa = PBXNativeTarget;
			buildConfigurationList = 49D8590F1D1F86A5006D0479 /* Build configuration list for PBXNativeTarget "reperecipe" */;
			buildPhases = (
				4982D8091D45D291005E043E /* ShellScript */,
				8876E94BE4346C66EF567BBA /* [CP] Check Pods Manifest.lock */,
				49D858E31D1F86A5006D0479 /* Sources */,
				49D858E41D1F86A5006D0479 /* Frameworks */,
				49D858E51D1F86A5006D0479 /* Resources */,
				55FE185A0ECC85FA0759ACB5 /* [CP] Embed Pods Frameworks */,
				1F35A2B699BF1CB12F38C223 /* [CP] Copy Pods Resources */,
			);
			buildRules = (
			);
			dependencies = (
			);
			name = reperecipe;
			productName = reperecipe;
			productReference = 49D858E71D1F86A5006D0479 /* reperecipe.app */;
			productType = "com.apple.product-type.application";
		};
		49D858FA1D1F86A5006D0479 /* reperecipeTests */ = {
			isa = PBXNativeTarget;
			buildConfigurationList = 49D859121D1F86A5006D0479 /* Build configuration list for PBXNativeTarget "reperecipeTests" */;
			buildPhases = (
				9A684DF521DB788D9E39CEB1 /* [CP] Check Pods Manifest.lock */,
				49D858F71D1F86A5006D0479 /* Sources */,
				49D858F81D1F86A5006D0479 /* Frameworks */,
				49D858F91D1F86A5006D0479 /* Resources */,
				84C4CD11B8036BD45EDB21AF /* [CP] Embed Pods Frameworks */,
				FFD48033EF1683265FE0D653 /* [CP] Copy Pods Resources */,
			);
			buildRules = (
			);
			dependencies = (
				49D858FD1D1F86A5006D0479 /* PBXTargetDependency */,
			);
			name = reperecipeTests;
			productName = reperecipeTests;
			productReference = 49D858FB1D1F86A5006D0479 /* reperecipeTests.xctest */;
			productType = "com.apple.product-type.bundle.unit-test";
		};
		49D859051D1F86A5006D0479 /* reperecipeUITests */ = {
			isa = PBXNativeTarget;
			buildConfigurationList = 49D859151D1F86A5006D0479 /* Build configuration list for PBXNativeTarget "reperecipeUITests" */;
			buildPhases = (
				3F12C075D4D27C55DE71787B /* [CP] Check Pods Manifest.lock */,
				49D859021D1F86A5006D0479 /* Sources */,
				49D859031D1F86A5006D0479 /* Frameworks */,
				49D859041D1F86A5006D0479 /* Resources */,
				D0BF51E740F93EA29EE81048 /* [CP] Copy Pods Resources */,
			);
			buildRules = (
			);
			dependencies = (
				49D859081D1F86A5006D0479 /* PBXTargetDependency */,
			);
			name = reperecipeUITests;
			productName = reperecipeUITests;
			productReference = 49D859061D1F86A5006D0479 /* reperecipeUITests.xctest */;
			productType = "com.apple.product-type.bundle.ui-testing";
		};
/* End PBXNativeTarget section */

/* Begin PBXProject section */
		49D858DF1D1F86A5006D0479 /* Project object */ = {
			isa = PBXProject;
			attributes = {
				LastSwiftUpdateCheck = 0730;
				LastUpgradeCheck = 0730;
				ORGANIZATIONNAME = "Takuya Shikichi";
				TargetAttributes = {
					49D858E61D1F86A5006D0479 = {
						CreatedOnToolsVersion = 7.3.1;
						DevelopmentTeam = 73D9QG5RDW;
					};
					49D858FA1D1F86A5006D0479 = {
						CreatedOnToolsVersion = 7.3.1;
						TestTargetID = 49D858E61D1F86A5006D0479;
					};
					49D859051D1F86A5006D0479 = {
						CreatedOnToolsVersion = 7.3.1;
						TestTargetID = 49D858E61D1F86A5006D0479;
					};
				};
			};
			buildConfigurationList = 49D858E21D1F86A5006D0479 /* Build configuration list for PBXProject "reperecipe" */;
			compatibilityVersion = "Xcode 3.2";
			developmentRegion = English;
			hasScannedForEncodings = 0;
			knownRegions = (
				en,
				Base,
			);
			mainGroup = 49D858DE1D1F86A5006D0479;
			productRefGroup = 49D858E81D1F86A5006D0479 /* Products */;
			projectDirPath = "";
			projectRoot = "";
			targets = (
				49D858E61D1F86A5006D0479 /* reperecipe */,
				49D858FA1D1F86A5006D0479 /* reperecipeTests */,
				49D859051D1F86A5006D0479 /* reperecipeUITests */,
			);
		};
/* End PBXProject section */

/* Begin PBXResourcesBuildPhase section */
		49D858E51D1F86A5006D0479 /* Resources */ = {
			isa = PBXResourcesBuildPhase;
			buildActionMask = 2147483647;
			files = (
				4994CFCD1D37803D0026D32B /* MyRecipe.storyboard in Resources */,
				49422FC51D34C42800849795 /* EditIngredientsCell.xib in Resources */,
				49D858F51D1F86A5006D0479 /* LaunchScreen.storyboard in Resources */,
				49D858F21D1F86A5006D0479 /* Assets.xcassets in Resources */,
				4989A5801D2BA6ED0079BE50 /* PagingViewController.storyboard in Resources */,
				490792911D309C5900C15B3E /* Main.storyboard in Resources */,
				490792A21D34929300C15B3E /* EditIngredientsModalViewController.storyboard in Resources */,
				4986B2A31D37D8EC00ABE3B2 /* AddRecipeModalViewController.storyboard in Resources */,
				490792991D336C9E00C15B3E /* EditModalViewController.storyboard in Resources */,
			);
			runOnlyForDeploymentPostprocessing = 0;
		};
		49D858F91D1F86A5006D0479 /* Resources */ = {
			isa = PBXResourcesBuildPhase;
			buildActionMask = 2147483647;
			files = (
			);
			runOnlyForDeploymentPostprocessing = 0;
		};
		49D859041D1F86A5006D0479 /* Resources */ = {
			isa = PBXResourcesBuildPhase;
			buildActionMask = 2147483647;
			files = (
			);
			runOnlyForDeploymentPostprocessing = 0;
		};
/* End PBXResourcesBuildPhase section */

/* Begin PBXShellScriptBuildPhase section */
		1F35A2B699BF1CB12F38C223 /* [CP] Copy Pods Resources */ = {
			isa = PBXShellScriptBuildPhase;
			buildActionMask = 2147483647;
			files = (
			);
			inputPaths = (
			);
			name = "[CP] Copy Pods Resources";
			outputPaths = (
			);
			runOnlyForDeploymentPostprocessing = 0;
			shellPath = /bin/sh;
			shellScript = "\"${SRCROOT}/Pods/Target Support Files/Pods-reperecipe/Pods-reperecipe-resources.sh\"\n";
			showEnvVarsInLog = 0;
		};
		3F12C075D4D27C55DE71787B /* [CP] Check Pods Manifest.lock */ = {
			isa = PBXShellScriptBuildPhase;
			buildActionMask = 2147483647;
			files = (
			);
			inputPaths = (
			);
			name = "[CP] Check Pods Manifest.lock";
			outputPaths = (
			);
			runOnlyForDeploymentPostprocessing = 0;
			shellPath = /bin/sh;
			shellScript = "diff \"${PODS_ROOT}/../Podfile.lock\" \"${PODS_ROOT}/Manifest.lock\" > /dev/null\nif [[ $? != 0 ]] ; then\n    cat << EOM\nerror: The sandbox is not in sync with the Podfile.lock. Run 'pod install' or update your CocoaPods installation.\nEOM\n    exit 1\nfi\n";
			showEnvVarsInLog = 0;
		};
		4982D8091D45D291005E043E /* ShellScript */ = {
			isa = PBXShellScriptBuildPhase;
			buildActionMask = 2147483647;
			files = (
			);
			inputPaths = (
			);
			outputPaths = (
			);
			runOnlyForDeploymentPostprocessing = 0;
			shellPath = /bin/sh;
			shellScript = "\"$PODS_ROOT/R.swift/rswift\" \"$SRCROOT\"";
		};
		55FE185A0ECC85FA0759ACB5 /* [CP] Embed Pods Frameworks */ = {
			isa = PBXShellScriptBuildPhase;
			buildActionMask = 2147483647;
			files = (
			);
			inputPaths = (
			);
			name = "[CP] Embed Pods Frameworks";
			outputPaths = (
			);
			runOnlyForDeploymentPostprocessing = 0;
			shellPath = /bin/sh;
			shellScript = "\"${SRCROOT}/Pods/Target Support Files/Pods-reperecipe/Pods-reperecipe-frameworks.sh\"\n";
			showEnvVarsInLog = 0;
		};
		84C4CD11B8036BD45EDB21AF /* [CP] Embed Pods Frameworks */ = {
			isa = PBXShellScriptBuildPhase;
			buildActionMask = 2147483647;
			files = (
			);
			inputPaths = (
			);
			name = "[CP] Embed Pods Frameworks";
			outputPaths = (
			);
			runOnlyForDeploymentPostprocessing = 0;
			shellPath = /bin/sh;
			shellScript = "\"${SRCROOT}/Pods/Target Support Files/Pods-reperecipeTests/Pods-reperecipeTests-frameworks.sh\"\n";
			showEnvVarsInLog = 0;
		};
		8876E94BE4346C66EF567BBA /* [CP] Check Pods Manifest.lock */ = {
			isa = PBXShellScriptBuildPhase;
			buildActionMask = 2147483647;
			files = (
			);
			inputPaths = (
			);
			name = "[CP] Check Pods Manifest.lock";
			outputPaths = (
			);
			runOnlyForDeploymentPostprocessing = 0;
			shellPath = /bin/sh;
			shellScript = "diff \"${PODS_ROOT}/../Podfile.lock\" \"${PODS_ROOT}/Manifest.lock\" > /dev/null\nif [[ $? != 0 ]] ; then\n    cat << EOM\nerror: The sandbox is not in sync with the Podfile.lock. Run 'pod install' or update your CocoaPods installation.\nEOM\n    exit 1\nfi\n";
			showEnvVarsInLog = 0;
		};
		9A684DF521DB788D9E39CEB1 /* [CP] Check Pods Manifest.lock */ = {
			isa = PBXShellScriptBuildPhase;
			buildActionMask = 2147483647;
			files = (
			);
			inputPaths = (
			);
			name = "[CP] Check Pods Manifest.lock";
			outputPaths = (
			);
			runOnlyForDeploymentPostprocessing = 0;
			shellPath = /bin/sh;
			shellScript = "diff \"${PODS_ROOT}/../Podfile.lock\" \"${PODS_ROOT}/Manifest.lock\" > /dev/null\nif [[ $? != 0 ]] ; then\n    cat << EOM\nerror: The sandbox is not in sync with the Podfile.lock. Run 'pod install' or update your CocoaPods installation.\nEOM\n    exit 1\nfi\n";
			showEnvVarsInLog = 0;
		};
		D0BF51E740F93EA29EE81048 /* [CP] Copy Pods Resources */ = {
			isa = PBXShellScriptBuildPhase;
			buildActionMask = 2147483647;
			files = (
			);
			inputPaths = (
			);
			name = "[CP] Copy Pods Resources";
			outputPaths = (
			);
			runOnlyForDeploymentPostprocessing = 0;
			shellPath = /bin/sh;
			shellScript = "\"${SRCROOT}/Pods/Target Support Files/Pods-reperecipeUITests/Pods-reperecipeUITests-resources.sh\"\n";
			showEnvVarsInLog = 0;
		};
		FFD48033EF1683265FE0D653 /* [CP] Copy Pods Resources */ = {
			isa = PBXShellScriptBuildPhase;
			buildActionMask = 2147483647;
			files = (
			);
			inputPaths = (
			);
			name = "[CP] Copy Pods Resources";
			outputPaths = (
			);
			runOnlyForDeploymentPostprocessing = 0;
			shellPath = /bin/sh;
			shellScript = "\"${SRCROOT}/Pods/Target Support Files/Pods-reperecipeTests/Pods-reperecipeTests-resources.sh\"\n";
			showEnvVarsInLog = 0;
		};
/* End PBXShellScriptBuildPhase section */

/* Begin PBXSourcesBuildPhase section */
		49D858E31D1F86A5006D0479 /* Sources */ = {
			isa = PBXSourcesBuildPhase;
			buildActionMask = 2147483647;
			files = (
				490792431D2E213900C15B3E /* AddRecipeModalViewController.swift in Sources */,
				497F21621D38A6B8004A16DF /* RecipeViewModel.swift in Sources */,
				49D858ED1D1F86A5006D0479 /* ViewController.swift in Sources */,
				490792931D30EA1F00C15B3E /* RefrigeratorRepository.swift in Sources */,
				4989A57C1D2AA4990079BE50 /* RefrigeratorPagingViewController.swift in Sources */,
				49D858EB1D1F86A5006D0479 /* AppDelegate.swift in Sources */,
				493EB36B1D3E07F400F6C8CD /* IngredientsCategoryCell.swift in Sources */,
				495101A51D2CB4CB002BDC12 /* RecipeCell.swift in Sources */,
				490792A41D3498CE00C15B3E /* EditIngredientsModalViewController.swift in Sources */,
				490792951D30EA9B00C15B3E /* Ingredient.swift in Sources */,
				4989A57E1D2BA53E0079BE50 /* PagingMenuControllerOptions.swift in Sources */,
				4982D80B1D45D329005E043E /* R.generated.swift in Sources */,
				4907924E1D2F9F2E00C15B3E /* IntroductionViewController.swift in Sources */,
				490792A01D33DF0200C15B3E /* EditIngredientsPresentationController.swift in Sources */,
				49DCE1E11D378F2A005A3251 /* IngredientOfRecipeCell.swift in Sources */,
				4989A5701D27F7990079BE50 /* Recipe.swift in Sources */,
				495101A71D2CE12A002BDC12 /* IngredientCell.swift in Sources */,
				49422FC11D34C02400849795 /* EditIngredientsModalDataSource.swift in Sources */,
				495101A91D2CEF6E002BDC12 /* ShoppingPagingViewController.swift in Sources */,
				4907929E1D33BDE800C15B3E /* OverlayPresentaitonConttoller.swift in Sources */,
				49422FC31D34C3BA00849795 /* EditIngredientsCell.swift in Sources */,
				490792501D2FA0C300C15B3E /* IntroductionCell.swift in Sources */,
				49DCE1DD1D378335005A3251 /* RecipeDetailViewController.swift in Sources */,
				4989A5721D28F5580079BE50 /* ReperecipeColor.swift in Sources */,
				4989A5781D2AA1AE0079BE50 /* MyRecipePagingViewController.swift in Sources */,
				4907924C1D2E83D800C15B3E /* MyRecipeRepository.swift in Sources */,
				4907929B1D336FA900C15B3E /* EditModalViewController.swift in Sources */,
				4989A57A1D2AA3EC0079BE50 /* MenuPagingViewController.swift in Sources */,
				49E879E01D3673B1003639D5 /* RefrigeratorModel.swift in Sources */,
			);
			runOnlyForDeploymentPostprocessing = 0;
		};
		49D858F71D1F86A5006D0479 /* Sources */ = {
			isa = PBXSourcesBuildPhase;
			buildActionMask = 2147483647;
			files = (
				49D859001D1F86A5006D0479 /* reperecipeTests.swift in Sources */,
			);
			runOnlyForDeploymentPostprocessing = 0;
		};
		49D859021D1F86A5006D0479 /* Sources */ = {
			isa = PBXSourcesBuildPhase;
			buildActionMask = 2147483647;
			files = (
				49D8590B1D1F86A5006D0479 /* reperecipeUITests.swift in Sources */,
			);
			runOnlyForDeploymentPostprocessing = 0;
		};
/* End PBXSourcesBuildPhase section */

/* Begin PBXTargetDependency section */
		49D858FD1D1F86A5006D0479 /* PBXTargetDependency */ = {
			isa = PBXTargetDependency;
			target = 49D858E61D1F86A5006D0479 /* reperecipe */;
			targetProxy = 49D858FC1D1F86A5006D0479 /* PBXContainerItemProxy */;
		};
		49D859081D1F86A5006D0479 /* PBXTargetDependency */ = {
			isa = PBXTargetDependency;
			target = 49D858E61D1F86A5006D0479 /* reperecipe */;
			targetProxy = 49D859071D1F86A5006D0479 /* PBXContainerItemProxy */;
		};
/* End PBXTargetDependency section */

/* Begin PBXVariantGroup section */
		4907928F1D309C5900C15B3E /* Main.storyboard */ = {
			isa = PBXVariantGroup;
			children = (
				490792901D309C5900C15B3E /* Base */,
			);
			name = Main.storyboard;
			sourceTree = "<group>";
		};
		49D858F31D1F86A5006D0479 /* LaunchScreen.storyboard */ = {
			isa = PBXVariantGroup;
			children = (
				49D858F41D1F86A5006D0479 /* Base */,
			);
			name = LaunchScreen.storyboard;
			sourceTree = "<group>";
		};
/* End PBXVariantGroup section */

/* Begin XCBuildConfiguration section */
		49D8590D1D1F86A5006D0479 /* Debug */ = {
			isa = XCBuildConfiguration;
			buildSettings = {
				ALWAYS_SEARCH_USER_PATHS = NO;
				CLANG_ANALYZER_NONNULL = YES;
				CLANG_CXX_LANGUAGE_STANDARD = "gnu++0x";
				CLANG_CXX_LIBRARY = "libc++";
				CLANG_ENABLE_MODULES = YES;
				CLANG_ENABLE_OBJC_ARC = YES;
				CLANG_WARN_BOOL_CONVERSION = YES;
				CLANG_WARN_CONSTANT_CONVERSION = YES;
				CLANG_WARN_DIRECT_OBJC_ISA_USAGE = YES_ERROR;
				CLANG_WARN_EMPTY_BODY = YES;
				CLANG_WARN_ENUM_CONVERSION = YES;
				CLANG_WARN_INT_CONVERSION = YES;
				CLANG_WARN_OBJC_ROOT_CLASS = YES_ERROR;
				CLANG_WARN_UNREACHABLE_CODE = YES;
				CLANG_WARN__DUPLICATE_METHOD_MATCH = YES;
				"CODE_SIGN_IDENTITY[sdk=iphoneos*]" = "iPhone Developer";
				COPY_PHASE_STRIP = NO;
				DEBUG_INFORMATION_FORMAT = dwarf;
				ENABLE_STRICT_OBJC_MSGSEND = YES;
				ENABLE_TESTABILITY = YES;
				GCC_C_LANGUAGE_STANDARD = gnu99;
				GCC_DYNAMIC_NO_PIC = NO;
				GCC_NO_COMMON_BLOCKS = YES;
				GCC_OPTIMIZATION_LEVEL = 0;
				GCC_PREPROCESSOR_DEFINITIONS = (
					"DEBUG=1",
					"$(inherited)",
				);
				GCC_WARN_64_TO_32_BIT_CONVERSION = YES;
				GCC_WARN_ABOUT_RETURN_TYPE = YES_ERROR;
				GCC_WARN_UNDECLARED_SELECTOR = YES;
				GCC_WARN_UNINITIALIZED_AUTOS = YES_AGGRESSIVE;
				GCC_WARN_UNUSED_FUNCTION = YES;
				GCC_WARN_UNUSED_VARIABLE = YES;
				IPHONEOS_DEPLOYMENT_TARGET = 9.3;
				MTL_ENABLE_DEBUG_INFO = YES;
				ONLY_ACTIVE_ARCH = YES;
				SDKROOT = iphoneos;
				SWIFT_OPTIMIZATION_LEVEL = "-Onone";
			};
			name = Debug;
		};
		49D8590E1D1F86A5006D0479 /* Release */ = {
			isa = XCBuildConfiguration;
			buildSettings = {
				ALWAYS_SEARCH_USER_PATHS = NO;
				CLANG_ANALYZER_NONNULL = YES;
				CLANG_CXX_LANGUAGE_STANDARD = "gnu++0x";
				CLANG_CXX_LIBRARY = "libc++";
				CLANG_ENABLE_MODULES = YES;
				CLANG_ENABLE_OBJC_ARC = YES;
				CLANG_WARN_BOOL_CONVERSION = YES;
				CLANG_WARN_CONSTANT_CONVERSION = YES;
				CLANG_WARN_DIRECT_OBJC_ISA_USAGE = YES_ERROR;
				CLANG_WARN_EMPTY_BODY = YES;
				CLANG_WARN_ENUM_CONVERSION = YES;
				CLANG_WARN_INT_CONVERSION = YES;
				CLANG_WARN_OBJC_ROOT_CLASS = YES_ERROR;
				CLANG_WARN_UNREACHABLE_CODE = YES;
				CLANG_WARN__DUPLICATE_METHOD_MATCH = YES;
				"CODE_SIGN_IDENTITY[sdk=iphoneos*]" = "iPhone Developer";
				COPY_PHASE_STRIP = NO;
				DEBUG_INFORMATION_FORMAT = "dwarf-with-dsym";
				ENABLE_NS_ASSERTIONS = NO;
				ENABLE_STRICT_OBJC_MSGSEND = YES;
				GCC_C_LANGUAGE_STANDARD = gnu99;
				GCC_NO_COMMON_BLOCKS = YES;
				GCC_WARN_64_TO_32_BIT_CONVERSION = YES;
				GCC_WARN_ABOUT_RETURN_TYPE = YES_ERROR;
				GCC_WARN_UNDECLARED_SELECTOR = YES;
				GCC_WARN_UNINITIALIZED_AUTOS = YES_AGGRESSIVE;
				GCC_WARN_UNUSED_FUNCTION = YES;
				GCC_WARN_UNUSED_VARIABLE = YES;
				IPHONEOS_DEPLOYMENT_TARGET = 9.3;
				MTL_ENABLE_DEBUG_INFO = NO;
				SDKROOT = iphoneos;
				VALIDATE_PRODUCT = YES;
			};
			name = Release;
		};
		49D859101D1F86A5006D0479 /* Debug */ = {
			isa = XCBuildConfiguration;
			baseConfigurationReference = 01E73142310325E034143088 /* Pods-reperecipe.debug.xcconfig */;
			buildSettings = {
				ASSETCATALOG_COMPILER_APPICON_NAME = AppIcon;
				CODE_SIGN_IDENTITY = "iPhone Developer";
				"CODE_SIGN_IDENTITY[sdk=iphoneos*]" = "iPhone Developer";
				INFOPLIST_FILE = reperecipe/Info.plist;
				LD_RUNPATH_SEARCH_PATHS = "$(inherited) @executable_path/Frameworks";
				PRODUCT_BUNDLE_IDENTIFIER = me.shikichee.reperecipe;
				PRODUCT_NAME = "$(TARGET_NAME)";
				PROVISIONING_PROFILE = "";
			};
			name = Debug;
		};
		49D859111D1F86A5006D0479 /* Release */ = {
			isa = XCBuildConfiguration;
			baseConfigurationReference = 30D5026BA3169A798508A9B3 /* Pods-reperecipe.release.xcconfig */;
			buildSettings = {
				ASSETCATALOG_COMPILER_APPICON_NAME = AppIcon;
				CODE_SIGN_IDENTITY = "iPhone Developer";
				"CODE_SIGN_IDENTITY[sdk=iphoneos*]" = "iPhone Developer";
				INFOPLIST_FILE = reperecipe/Info.plist;
				LD_RUNPATH_SEARCH_PATHS = "$(inherited) @executable_path/Frameworks";
				PRODUCT_BUNDLE_IDENTIFIER = me.shikichee.reperecipe;
				PRODUCT_NAME = "$(TARGET_NAME)";
				PROVISIONING_PROFILE = "";
			};
			name = Release;
		};
		49D859131D1F86A5006D0479 /* Debug */ = {
			isa = XCBuildConfiguration;
			baseConfigurationReference = 2A92A3A5FDEAFF8571F035E7 /* Pods-reperecipeTests.debug.xcconfig */;
			buildSettings = {
				BUNDLE_LOADER = "$(TEST_HOST)";
				INFOPLIST_FILE = reperecipeTests/Info.plist;
				LD_RUNPATH_SEARCH_PATHS = "$(inherited) @executable_path/Frameworks @loader_path/Frameworks";
				PRODUCT_BUNDLE_IDENTIFIER = me.shikichee.reperecipeTests;
				PRODUCT_NAME = "$(TARGET_NAME)";
				TEST_HOST = "$(BUILT_PRODUCTS_DIR)/reperecipe.app/reperecipe";
			};
			name = Debug;
		};
		49D859141D1F86A5006D0479 /* Release */ = {
			isa = XCBuildConfiguration;
			baseConfigurationReference = E1137561DAF234EA0925961D /* Pods-reperecipeTests.release.xcconfig */;
			buildSettings = {
				BUNDLE_LOADER = "$(TEST_HOST)";
				INFOPLIST_FILE = reperecipeTests/Info.plist;
				LD_RUNPATH_SEARCH_PATHS = "$(inherited) @executable_path/Frameworks @loader_path/Frameworks";
				PRODUCT_BUNDLE_IDENTIFIER = me.shikichee.reperecipeTests;
				PRODUCT_NAME = "$(TARGET_NAME)";
				TEST_HOST = "$(BUILT_PRODUCTS_DIR)/reperecipe.app/reperecipe";
			};
			name = Release;
		};
		49D859161D1F86A5006D0479 /* Debug */ = {
			isa = XCBuildConfiguration;
			baseConfigurationReference = 4D735AB123BF3F845D2C6C6C /* Pods-reperecipeUITests.debug.xcconfig */;
			buildSettings = {
				INFOPLIST_FILE = reperecipeUITests/Info.plist;
				LD_RUNPATH_SEARCH_PATHS = "$(inherited) @executable_path/Frameworks @loader_path/Frameworks";
				PRODUCT_BUNDLE_IDENTIFIER = me.shikichee.reperecipeUITests;
				PRODUCT_NAME = "$(TARGET_NAME)";
				TEST_TARGET_NAME = reperecipe;
			};
			name = Debug;
		};
		49D859171D1F86A5006D0479 /* Release */ = {
			isa = XCBuildConfiguration;
			baseConfigurationReference = CCBD38078700355A42360A1E /* Pods-reperecipeUITests.release.xcconfig */;
			buildSettings = {
				INFOPLIST_FILE = reperecipeUITests/Info.plist;
				LD_RUNPATH_SEARCH_PATHS = "$(inherited) @executable_path/Frameworks @loader_path/Frameworks";
				PRODUCT_BUNDLE_IDENTIFIER = me.shikichee.reperecipeUITests;
				PRODUCT_NAME = "$(TARGET_NAME)";
				TEST_TARGET_NAME = reperecipe;
			};
			name = Release;
		};
/* End XCBuildConfiguration section */

/* Begin XCConfigurationList section */
		49D858E21D1F86A5006D0479 /* Build configuration list for PBXProject "reperecipe" */ = {
			isa = XCConfigurationList;
			buildConfigurations = (
				49D8590D1D1F86A5006D0479 /* Debug */,
				49D8590E1D1F86A5006D0479 /* Release */,
			);
			defaultConfigurationIsVisible = 0;
			defaultConfigurationName = Release;
		};
		49D8590F1D1F86A5006D0479 /* Build configuration list for PBXNativeTarget "reperecipe" */ = {
			isa = XCConfigurationList;
			buildConfigurations = (
				49D859101D1F86A5006D0479 /* Debug */,
				49D859111D1F86A5006D0479 /* Release */,
			);
			defaultConfigurationIsVisible = 0;
			defaultConfigurationName = Release;
		};
		49D859121D1F86A5006D0479 /* Build configuration list for PBXNativeTarget "reperecipeTests" */ = {
			isa = XCConfigurationList;
			buildConfigurations = (
				49D859131D1F86A5006D0479 /* Debug */,
				49D859141D1F86A5006D0479 /* Release */,
			);
			defaultConfigurationIsVisible = 0;
			defaultConfigurationName = Release;
		};
		49D859151D1F86A5006D0479 /* Build configuration list for PBXNativeTarget "reperecipeUITests" */ = {
			isa = XCConfigurationList;
			buildConfigurations = (
				49D859161D1F86A5006D0479 /* Debug */,
				49D859171D1F86A5006D0479 /* Release */,
			);
			defaultConfigurationIsVisible = 0;
			defaultConfigurationName = Release;
		};
/* End XCConfigurationList section */
	};
	rootObject = 49D858DF1D1F86A5006D0479 /* Project object */;
}
